<Solution>
  <Folder Name="/sandbox/">
    <Project Path="sandbox/MicMonitor/MicMonitor.csproj" />
  </Folder>
  <Folder Name="/src/">
    <Project Path="src/libsoundio.csproj" />
    <Project Path="src/libsoundio.Interop/libsoundio.Interop.csproj" />
    <Project Path="src/libsoundio.Runtime/libsoundio.Runtime.csproj" />
  </Folder>
</Solution>
